
Microsoft Visual Studio Solution File, Format Version 12.00
# Visual Studio 14
VisualStudioVersion = 14.0.25420.1
MinimumVisualStudioVersion = 10.0.40219.1
Project("{FAE04EC0-301F-11D3-BF4B-00C04F79EFBC}") = "WebApplication1", "WebApplication1\WebApplication1.csproj", "{571EBCDE-10FE-49F6-810F-CB93D6F1444A}"
EndProject
Project("{FAE04EC0-301F-11D3-BF4B-00C04F79EFBC}") = "Model", "Model\Model.csproj", "{4B755DC7-9046-41CB-9C09-13CFF92EECFC}"
EndProject
Project("{FAE04EC0-301F-11D3-BF4B-00C04F79EFBC}") = "Persistence", "Persistence\Persistence.csproj", "{11A317E8-CCFD-4049-AA7B-7E2E1B5C0AC0}"
EndProject
Project("{FAE04EC0-301F-11D3-BF4B-00C04F79EFBC}") = "Service", "Service\Service.csproj", "{46E87ACD-BCC6-4056-A53C-A47C26DC91F2}"
EndProject
Global
	GlobalSection(SolutionConfigurationPlatforms) = preSolution
		Debug|Any CPU = Debug|Any CPU
		Release|Any CPU = Release|Any CPU
	EndGlobalSection
	GlobalSection(ProjectConfigurationPlatforms) = postSolution
		{571EBCDE-10FE-49F6-810F-CB93D6F1444A}.Debug|Any CPU.ActiveCfg = Debug|Any CPU
		{571EBCDE-10FE-49F6-810F-CB93D6F1444A}.Debug|Any CPU.Build.0 = Debug|Any CPU
		{571EBCDE-10FE-49F6-810F-CB93D6F1444A}.Debug|Any CPU.Deploy.0 = Debug|Any CPU
		{571EBCDE-10FE-49F6-810F-CB93D6F1444A}.Release|Any CPU.ActiveCfg = Release|Any CPU
		{571EBCDE-10FE-49F6-810F-CB93D6F1444A}.Release|Any CPU.Build.0 = Release|Any CPU
		{4B755DC7-9046-41CB-9C09-13CFF92EECFC}.Debug|Any CPU.ActiveCfg = Debug|Any CPU
		{4B755DC7-9046-41CB-9C09-13CFF92EECFC}.Debug|Any CPU.Build.0 = Debug|Any CPU
		{4B755DC7-9046-41CB-9C09-13CFF92EECFC}.Debug|Any CPU.Deploy.0 = Debug|Any CPU
		{4B755DC7-9046-41CB-9C09-13CFF92EECFC}.Release|Any CPU.ActiveCfg = Release|Any CPU
		{4B755DC7-9046-41CB-9C09-13CFF92EECFC}.Release|Any CPU.Build.0 = Release|Any CPU
		{11A317E8-CCFD-4049-AA7B-7E2E1B5C0AC0}.Debug|Any CPU.ActiveCfg = Debug|Any CPU
		{11A317E8-CCFD-4049-AA7B-7E2E1B5C0AC0}.Debug|Any CPU.Build.0 = Debug|Any CPU
		{11A317E8-CCFD-4049-AA7B-7E2E1B5C0AC0}.Debug|Any CPU.Deploy.0 = Debug|Any CPU
		{11A317E8-CCFD-4049-AA7B-7E2E1B5C0AC0}.Release|Any CPU.ActiveCfg = Release|Any CPU
		{11A317E8-CCFD-4049-AA7B-7E2E1B5C0AC0}.Release|Any CPU.Build.0 = Release|Any CPU
		{46E87ACD-BCC6-4056-A53C-A47C26DC91F2}.Debug|Any CPU.ActiveCfg = Debug|Any CPU
		{46E87ACD-BCC6-4056-A53C-A47C26DC91F2}.Debug|Any CPU.Build.0 = Debug|Any CPU
		{46E87ACD-BCC6-4056-A53C-A47C26DC91F2}.Debug|Any CPU.Deploy.0 = Debug|Any CPU
		{46E87ACD-BCC6-4056-A53C-A47C26DC91F2}.Release|Any CPU.ActiveCfg = Release|Any CPU
		{46E87ACD-BCC6-4056-A53C-A47C26DC91F2}.Release|Any CPU.Build.0 = Release|Any CPU
	EndGlobalSection
	GlobalSection(SolutionProperties) = preSolution
		HideSolutionNode = FALSE
	EndGlobalSection
EndGlobal
